
Microsoft Visual Studio Solution File, Format Version 12.00
# Visual Studio Version 16
VisualStudioVersion = 16.0.30517.126
MinimumVisualStudioVersion = 10.0.40219.1
Project("{FAE04EC0-301F-11D3-BF4B-00C04F79EFBC}") = "DockerExperiment", "DockerExperiment\DockerExperiment.csproj", "{7AB1EBDB-1718-4797-BA84-1F6C317CFAB3}"
EndProject
Global
	GlobalSection(SolutionConfigurationPlatforms) = preSolution
		Debug|Any CPU = Debug|Any CPU
		Release|Any CPU = Release|Any CPU
	EndGlobalSection
	GlobalSection(ProjectConfigurationPlatforms) = postSolution
		{7AB1EBDB-1718-4797-BA84-1F6C317CFAB3}.Debug|Any CPU.ActiveCfg = Debug|Any CPU
		{7AB1EBDB-1718-4797-BA84-1F6C317CFAB3}.Debug|Any CPU.Build.0 = Debug|Any CPU
		{7AB1EBDB-1718-4797-BA84-1F6C317CFAB3}.Release|Any CPU.ActiveCfg = Release|Any CPU
		{7AB1EBDB-1718-4797-BA84-1F6C317CFAB3}.Release|Any CPU.Build.0 = Release|Any CPU
	EndGlobalSection
	GlobalSection(SolutionProperties) = preSolution
		HideSolutionNode = FALSE
	EndGlobalSection
	GlobalSection(ExtensibilityGlobals) = postSolution
		SolutionGuid = {88AE81A7-CE9A-43F6-8EBA-EB6C52074F50}
	EndGlobalSection
EndGlobal
